
Microsoft Visual Studio Solution File, Format Version 12.00
# Visual Studio 15
VisualStudioVersion = 15.0.27703.2035
MinimumVisualStudioVersion = 10.0.40219.1
Project("{FAE04EC0-301F-11D3-BF4B-00C04F79EFBC}") = "RaceBettingAssessment", "RaceBettingAssessment\RaceBettingAssessment.csproj", "{877F01BD-BED3-47B5-9AB7-BBC826E1D7A5}"
EndProject
Global
	GlobalSection(SolutionConfigurationPlatforms) = preSolution
		Debug|Any CPU = Debug|Any CPU
		Release|Any CPU = Release|Any CPU
	EndGlobalSection
	GlobalSection(ProjectConfigurationPlatforms) = postSolution
		{877F01BD-BED3-47B5-9AB7-BBC826E1D7A5}.Debug|Any CPU.ActiveCfg = Debug|Any CPU
		{877F01BD-BED3-47B5-9AB7-BBC826E1D7A5}.Debug|Any CPU.Build.0 = Debug|Any CPU
		{877F01BD-BED3-47B5-9AB7-BBC826E1D7A5}.Release|Any CPU.ActiveCfg = Release|Any CPU
		{877F01BD-BED3-47B5-9AB7-BBC826E1D7A5}.Release|Any CPU.Build.0 = Release|Any CPU
	EndGlobalSection
	GlobalSection(SolutionProperties) = preSolution
		HideSolutionNode = FALSE
	EndGlobalSection
	GlobalSection(ExtensibilityGlobals) = postSolution
		SolutionGuid = {60DA3ABB-335D-414C-BEF2-F140A2F08A52}
	EndGlobalSection
EndGlobal
